// !$*UTF8*$!
{
	archiveVersion = 1;
	classes = {
	};
	objectVersion = 46;
	objects = {

/* Begin PBXBuildFile section */
		18CD18BC1DDB40AF00F6639D /* AppDelegate.swift in Sources */ = {isa = PBXBuildFile; fileRef = 18CD18BB1DDB40AF00F6639D /* AppDelegate.swift */; };
		18CD18BE1DDB40AF00F6639D /* ViewController.swift in Sources */ = {isa = PBXBuildFile; fileRef = 18CD18BD1DDB40AF00F6639D /* ViewController.swift */; };
		18CD18C11DDB40AF00F6639D /* Main.storyboard in Resources */ = {isa = PBXBuildFile; fileRef = 18CD18BF1DDB40AF00F6639D /* Main.storyboard */; };
		18CD18C31DDB40AF00F6639D /* Assets.xcassets in Resources */ = {isa = PBXBuildFile; fileRef = 18CD18C21DDB40AF00F6639D /* Assets.xcassets */; };
		18CD18C61DDB40AF00F6639D /* LaunchScreen.storyboard in Resources */ = {isa = PBXBuildFile; fileRef = 18CD18C41DDB40AF00F6639D /* LaunchScreen.storyboard */; };
		18CD18D11DDB40AF00F6639D /* Time_AppTests.swift in Sources */ = {isa = PBXBuildFile; fileRef = 18CD18D01DDB40AF00F6639D /* Time_AppTests.swift */; };
		18E9FD2F1DEBFFB7008AD722 /* Time_App.xcdatamodeld in Sources */ = {isa = PBXBuildFile; fileRef = 18E9FD2D1DEBFFB7008AD722 /* Time_App.xcdatamodeld */; };
		18E9FD3A1DEC51B4008AD722 /* Timings+CoreDataClass.swift in Sources */ = {isa = PBXBuildFile; fileRef = 18E9FD381DEC51B3008AD722 /* Timings+CoreDataClass.swift */; };
		18E9FD3B1DEC51B4008AD722 /* Timings+CoreDataProperties.swift in Sources */ = {isa = PBXBuildFile; fileRef = 18E9FD391DEC51B3008AD722 /* Timings+CoreDataProperties.swift */; };
/* End PBXBuildFile section */

/* Begin PBXContainerItemProxy section */
		18CD18CD1DDB40AF00F6639D /* PBXContainerItemProxy */ = {
			isa = PBXContainerItemProxy;
			containerPortal = 18CD18B01DDB40AE00F6639D /* Project object */;
			proxyType = 1;
			remoteGlobalIDString = 18CD18B71DDB40AE00F6639D;
			remoteInfo = Time_App;
		};
/* End PBXContainerItemProxy section */

/* Begin PBXFileReference section */
		18CD18B81DDB40AF00F6639D /* Time_App.app */ = {isa = PBXFileReference; explicitFileType = wrapper.application; includeInIndex = 0; path = Time_App.app; sourceTree = BUILT_PRODUCTS_DIR; };
		18CD18BB1DDB40AF00F6639D /* AppDelegate.swift */ = {isa = PBXFileReference; lastKnownFileType = sourcecode.swift; path = AppDelegate.swift; sourceTree = "<group>"; };
		18CD18BD1DDB40AF00F6639D /* ViewController.swift */ = {isa = PBXFileReference; lastKnownFileType = sourcecode.swift; path = ViewController.swift; sourceTree = "<group>"; };
		18CD18C01DDB40AF00F6639D /* Base */ = {isa = PBXFileReference; lastKnownFileType = file.storyboard; name = Base; path = Base.lproj/Main.storyboard; sourceTree = "<group>"; };
		18CD18C21DDB40AF00F6639D /* Assets.xcassets */ = {isa = PBXFileReference; lastKnownFileType = folder.assetcatalog; path = Assets.xcassets; sourceTree = "<group>"; };
		18CD18C51DDB40AF00F6639D /* Base */ = {isa = PBXFileReference; lastKnownFileType = file.storyboard; name = Base; path = Base.lproj/LaunchScreen.storyboard; sourceTree = "<group>"; };
		18CD18C71DDB40AF00F6639D /* Info.plist */ = {isa = PBXFileReference; lastKnownFileType = text.plist.xml; path = Info.plist; sourceTree = "<group>"; };
		18CD18CC1DDB40AF00F6639D /* Time_AppTests.xctest */ = {isa = PBXFileReference; explicitFileType = wrapper.cfbundle; includeInIndex = 0; path = Time_AppTests.xctest; sourceTree = BUILT_PRODUCTS_DIR; };
		18CD18D01DDB40AF00F6639D /* Time_AppTests.swift */ = {isa = PBXFileReference; lastKnownFileType = sourcecode.swift; path = Time_AppTests.swift; sourceTree = "<group>"; };
		18CD18D21DDB40AF00F6639D /* Info.plist */ = {isa = PBXFileReference; lastKnownFileType = text.plist.xml; path = Info.plist; sourceTree = "<group>"; };
		18E9FD2E1DEBFFB7008AD722 /* Time_App.xcdatamodel */ = {isa = PBXFileReference; lastKnownFileType = wrapper.xcdatamodel; path = Time_App.xcdatamodel; sourceTree = "<group>"; };
		18E9FD381DEC51B3008AD722 /* Timings+CoreDataClass.swift */ = {isa = PBXFileReference; fileEncoding = 4; lastKnownFileType = sourcecode.swift; name = "Timings+CoreDataClass.swift"; path = "../Timings+CoreDataClass.swift"; sourceTree = "<group>"; };
		18E9FD391DEC51B3008AD722 /* Timings+CoreDataProperties.swift */ = {isa = PBXFileReference; fileEncoding = 4; lastKnownFileType = sourcecode.swift; name = "Timings+CoreDataProperties.swift"; path = "../Timings+CoreDataProperties.swift"; sourceTree = "<group>"; };
/* End PBXFileReference section */

/* Begin PBXFrameworksBuildPhase section */
		18CD18B51DDB40AE00F6639D /* Frameworks */ = {
			isa = PBXFrameworksBuildPhase;
			buildActionMask = 2147483647;
			files = (
			);
			runOnlyForDeploymentPostprocessing = 0;
		};
		18CD18C91DDB40AF00F6639D /* Frameworks */ = {
			isa = PBXFrameworksBuildPhase;
			buildActionMask = 2147483647;
			files = (
			);
			runOnlyForDeploymentPostprocessing = 0;
		};
/* End PBXFrameworksBuildPhase section */

/* Begin PBXGroup section */
		18CD18AF1DDB40AE00F6639D = {
			isa = PBXGroup;
			children = (
				18CD18BA1DDB40AF00F6639D /* Time_App */,
				18CD18CF1DDB40AF00F6639D /* Time_AppTests */,
				18CD18B91DDB40AF00F6639D /* Products */,
			);
			sourceTree = "<group>";
		};
		18CD18B91DDB40AF00F6639D /* Products */ = {
			isa = PBXGroup;
			children = (
				18CD18B81DDB40AF00F6639D /* Time_App.app */,
				18CD18CC1DDB40AF00F6639D /* Time_AppTests.xctest */,
			);
			name = Products;
			sourceTree = "<group>";
		};
		18CD18BA1DDB40AF00F6639D /* Time_App */ = {
			isa = PBXGroup;
			children = (
				18CD18BB1DDB40AF00F6639D /* AppDelegate.swift */,
				18CD18BD1DDB40AF00F6639D /* ViewController.swift */,
				18E9FD381DEC51B3008AD722 /* Timings+CoreDataClass.swift */,
				18E9FD391DEC51B3008AD722 /* Timings+CoreDataProperties.swift */,
				18CD18BF1DDB40AF00F6639D /* Main.storyboard */,
				18CD18C21DDB40AF00F6639D /* Assets.xcassets */,
				18CD18C41DDB40AF00F6639D /* LaunchScreen.storyboard */,
				18CD18C71DDB40AF00F6639D /* Info.plist */,
				18E9FD2D1DEBFFB7008AD722 /* Time_App.xcdatamodeld */,
			);
			path = Time_App;
			sourceTree = "<group>";
		};
		18CD18CF1DDB40AF00F6639D /* Time_AppTests */ = {
			isa = PBXGroup;
			children = (
				18CD18D01DDB40AF00F6639D /* Time_AppTests.swift */,
				18CD18D21DDB40AF00F6639D /* Info.plist */,
			);
			path = Time_AppTests;
			sourceTree = "<group>";
		};
/* End PBXGroup section */

/* Begin PBXNativeTarget section */
		18CD18B71DDB40AE00F6639D /* Time_App */ = {
			isa = PBXNativeTarget;
			buildConfigurationList = 18CD18D51DDB40AF00F6639D /* Build configuration list for PBXNativeTarget "Time_App" */;
			buildPhases = (
				18CD18B41DDB40AE00F6639D /* Sources */,
				18CD18B51DDB40AE00F6639D /* Frameworks */,
				18CD18B61DDB40AE00F6639D /* Resources */,
			);
			buildRules = (
			);
			dependencies = (
			);
			name = Time_App;
			productName = Time_App;
			productReference = 18CD18B81DDB40AF00F6639D /* Time_App.app */;
			productType = "com.apple.product-type.application";
		};
		18CD18CB1DDB40AF00F6639D /* Time_AppTests */ = {
			isa = PBXNativeTarget;
			buildConfigurationList = 18CD18D81DDB40AF00F6639D /* Build configuration list for PBXNativeTarget "Time_AppTests" */;
			buildPhases = (
				8CBDDD51E9C1B8FD281C6F73 /* [CP] Check Pods Manifest.lock */,
				18CD18C81DDB40AF00F6639D /* Sources */,
				18CD18C91DDB40AF00F6639D /* Frameworks */,
				18CD18CA1DDB40AF00F6639D /* Resources */,
				57E9B574E51F83F41A1BB744 /* [CP] Embed Pods Frameworks */,
				6C25EDD8F37C04C1A7D268AE /* [CP] Copy Pods Resources */,
			);
			buildRules = (
			);
			dependencies = (
				18CD18CE1DDB40AF00F6639D /* PBXTargetDependency */,
			);
			name = Time_AppTests;
			productName = Time_AppTests;
			productReference = 18CD18CC1DDB40AF00F6639D /* Time_AppTests.xctest */;
			productType = "com.apple.product-type.bundle.unit-test";
		};
/* End PBXNativeTarget section */

/* Begin PBXProject section */
		18CD18B01DDB40AE00F6639D /* Project object */ = {
			isa = PBXProject;
			attributes = {
				LastSwiftUpdateCheck = 0800;
				LastUpgradeCheck = 0800;
				ORGANIZATIONNAME = Apple;
				TargetAttributes = {
					18CD18B71DDB40AE00F6639D = {
						CreatedOnToolsVersion = 8.0;
						LastSwiftMigration = 0800;
						ProvisioningStyle = Automatic;
					};
					18CD18CB1DDB40AF00F6639D = {
						CreatedOnToolsVersion = 8.0;
						LastSwiftMigration = 0800;
						ProvisioningStyle = Automatic;
						TestTargetID = 18CD18B71DDB40AE00F6639D;
					};
				};
			};
			buildConfigurationList = 18CD18B31DDB40AE00F6639D /* Build configuration list for PBXProject "Time_App" */;
			compatibilityVersion = "Xcode 3.2";
			developmentRegion = English;
			hasScannedForEncodings = 0;
			knownRegions = (
				en,
				Base,
			);
			mainGroup = 18CD18AF1DDB40AE00F6639D;
			productRefGroup = 18CD18B91DDB40AF00F6639D /* Products */;
			projectDirPath = "";
			projectRoot = "";
			targets = (
				18CD18B71DDB40AE00F6639D /* Time_App */,
				18CD18CB1DDB40AF00F6639D /* Time_AppTests */,
			);
		};
/* End PBXProject section */

/* Begin PBXResourcesBuildPhase section */
		18CD18B61DDB40AE00F6639D /* Resources */ = {
			isa = PBXResourcesBuildPhase;
			buildActionMask = 2147483647;
			files = (
				18CD18C61DDB40AF00F6639D /* LaunchScreen.storyboard in Resources */,
				18CD18C31DDB40AF00F6639D /* Assets.xcassets in Resources */,
				18CD18C11DDB40AF00F6639D /* Main.storyboard in Resources */,
			);
			runOnlyForDeploymentPostprocessing = 0;
		};
		18CD18CA1DDB40AF00F6639D /* Resources */ = {
			isa = PBXResourcesBuildPhase;
			buildActionMask = 2147483647;
			files = (
			);
			runOnlyForDeploymentPostprocessing = 0;
		};
/* End PBXResourcesBuildPhase section */

/* Begin PBXShellScriptBuildPhase section */
		57E9B574E51F83F41A1BB744 /* [CP] Embed Pods Frameworks */ = {
			isa = PBXShellScriptBuildPhase;
			buildActionMask = 2147483647;
			files = (
			);
			inputPaths = (
			);
			name = "[CP] Embed Pods Frameworks";
			outputPaths = (
			);
			runOnlyForDeploymentPostprocessing = 0;
			shellPath = /bin/sh;
			shellScript = "\"${SRCROOT}/Pods/Target Support Files/Pods-Time_AppTests/Pods-Time_AppTests-frameworks.sh\"\n";
			showEnvVarsInLog = 0;
		};
		6C25EDD8F37C04C1A7D268AE /* [CP] Copy Pods Resources */ = {
			isa = PBXShellScriptBuildPhase;
			buildActionMask = 2147483647;
			files = (
			);
			inputPaths = (
			);
			name = "[CP] Copy Pods Resources";
			outputPaths = (
			);
			runOnlyForDeploymentPostprocessing = 0;
			shellPath = /bin/sh;
			shellScript = "\"${SRCROOT}/Pods/Target Support Files/Pods-Time_AppTests/Pods-Time_AppTests-resources.sh\"\n";
			showEnvVarsInLog = 0;
		};
		8CBDDD51E9C1B8FD281C6F73 /* [CP] Check Pods Manifest.lock */ = {
			isa = PBXShellScriptBuildPhase;
			buildActionMask = 2147483647;
			files = (
			);
			inputPaths = (
			);
			name = "[CP] Check Pods Manifest.lock";
			outputPaths = (
			);
			runOnlyForDeploymentPostprocessing = 0;
			shellPath = /bin/sh;
			shellScript = "diff \"${PODS_ROOT}/../Podfile.lock\" \"${PODS_ROOT}/Manifest.lock\" > /dev/null\nif [[ $? != 0 ]] ; then\n    cat << EOM\nerror: The sandbox is not in sync with the Podfile.lock. Run 'pod install' or update your CocoaPods installation.\nEOM\n    exit 1\nfi\n";
			showEnvVarsInLog = 0;
		};
/* End PBXShellScriptBuildPhase section */

/* Begin PBXSourcesBuildPhase section */
		18CD18B41DDB40AE00F6639D /* Sources */ = {
			isa = PBXSourcesBuildPhase;
			buildActionMask = 2147483647;
			files = (
				18CD18BE1DDB40AF00F6639D /* ViewController.swift in Sources */,
				18E9FD3A1DEC51B4008AD722 /* Timings+CoreDataClass.swift in Sources */,
				18E9FD2F1DEBFFB7008AD722 /* Time_App.xcdatamodeld in Sources */,
				18CD18BC1DDB40AF00F6639D /* AppDelegate.swift in Sources */,
				18E9FD3B1DEC51B4008AD722 /* Timings+CoreDataProperties.swift in Sources */,
			);
			runOnlyForDeploymentPostprocessing = 0;
		};
		18CD18C81DDB40AF00F6639D /* Sources */ = {
			isa = PBXSourcesBuildPhase;
			buildActionMask = 2147483647;
			files = (
				18CD18D11DDB40AF00F6639D /* Time_AppTests.swift in Sources */,
			);
			runOnlyForDeploymentPostprocessing = 0;
		};
/* End PBXSourcesBuildPhase section */

/* Begin PBXTargetDependency section */
		18CD18CE1DDB40AF00F6639D /* PBXTargetDependency */ = {
			isa = PBXTargetDependency;
			target = 18CD18B71DDB40AE00F6639D /* Time_App */;
			targetProxy = 18CD18CD1DDB40AF00F6639D /* PBXContainerItemProxy */;
		};
/* End PBXTargetDependency section */

/* Begin PBXVariantGroup section */
		18CD18BF1DDB40AF00F6639D /* Main.storyboard */ = {
			isa = PBXVariantGroup;
			children = (
				18CD18C01DDB40AF00F6639D /* Base */,
			);
			name = Main.storyboard;
			sourceTree = "<group>";
		};
		18CD18C41DDB40AF00F6639D /* LaunchScreen.storyboard */ = {
			isa = PBXVariantGroup;
			children = (
				18CD18C51DDB40AF00F6639D /* Base */,
			);
			name = LaunchScreen.storyboard;
			sourceTree = "<group>";
		};
/* End PBXVariantGroup section */

/* Begin XCBuildConfiguration section */
		18CD18D31DDB40AF00F6639D /* Debug */ = {
			isa = XCBuildConfiguration;
			buildSettings = {
				ALWAYS_SEARCH_USER_PATHS = NO;
				CLANG_ANALYZER_NONNULL = YES;
				CLANG_CXX_LANGUAGE_STANDARD = "gnu++0x";
				CLANG_CXX_LIBRARY = "libc++";
				CLANG_ENABLE_MODULES = YES;
				CLANG_ENABLE_OBJC_ARC = YES;
				CLANG_WARN_BOOL_CONVERSION = YES;
				CLANG_WARN_CONSTANT_CONVERSION = YES;
				CLANG_WARN_DIRECT_OBJC_ISA_USAGE = YES_ERROR;
				CLANG_WARN_DOCUMENTATION_COMMENTS = YES;
				CLANG_WARN_EMPTY_BODY = YES;
				CLANG_WARN_ENUM_CONVERSION = YES;
				CLANG_WARN_INFINITE_RECURSION = YES;
				CLANG_WARN_INT_CONVERSION = YES;
				CLANG_WARN_OBJC_ROOT_CLASS = YES_ERROR;
				CLANG_WARN_SUSPICIOUS_MOVES = YES;
				CLANG_WARN_UNREACHABLE_CODE = YES;
				CLANG_WARN__DUPLICATE_METHOD_MATCH = YES;
				"CODE_SIGN_IDENTITY[sdk=iphoneos*]" = "iPhone Developer";
				COPY_PHASE_STRIP = NO;
				DEBUG_INFORMATION_FORMAT = dwarf;
				ENABLE_STRICT_OBJC_MSGSEND = YES;
				ENABLE_TESTABILITY = YES;
				GCC_C_LANGUAGE_STANDARD = gnu99;
				GCC_DYNAMIC_NO_PIC = NO;
				GCC_NO_COMMON_BLOCKS = YES;
				GCC_OPTIMIZATION_LEVEL = 0;
				GCC_PREPROCESSOR_DEFINITIONS = (
					"DEBUG=1",
					"$(inherited)",
				);
				GCC_WARN_64_TO_32_BIT_CONVERSION = YES;
				GCC_WARN_ABOUT_RETURN_TYPE = YES_ERROR;
				GCC_WARN_UNDECLARED_SELECTOR = YES;
				GCC_WARN_UNINITIALIZED_AUTOS = YES_AGGRESSIVE;
				GCC_WARN_UNUSED_FUNCTION = YES;
				GCC_WARN_UNUSED_VARIABLE = YES;
				IPHONEOS_DEPLOYMENT_TARGET = 10.0;
				MTL_ENABLE_DEBUG_INFO = YES;
				ONLY_ACTIVE_ARCH = YES;
				SDKROOT = iphoneos;
				SWIFT_ACTIVE_COMPILATION_CONDITIONS = DEBUG;
				SWIFT_OPTIMIZATION_LEVEL = "-Onone";
			};
			name = Debug;
		};
		18CD18D41DDB40AF00F6639D /* Release */ = {
			isa = XCBuildConfiguration;
			buildSettings = {
				ALWAYS_SEARCH_USER_PATHS = NO;
				CLANG_ANALYZER_NONNULL = YES;
				CLANG_CXX_LANGUAGE_STANDARD = "gnu++0x";
				CLANG_CXX_LIBRARY = "libc++";
				CLANG_ENABLE_MODULES = YES;
				CLANG_ENABLE_OBJC_ARC = YES;
				CLANG_WARN_BOOL_CONVERSION = YES;
				CLANG_WARN_CONSTANT_CONVERSION = YES;
				CLANG_WARN_DIRECT_OBJC_ISA_USAGE = YES_ERROR;
				CLANG_WARN_DOCUMENTATION_COMMENTS = YES;
				CLANG_WARN_EMPTY_BODY = YES;
				CLANG_WARN_ENUM_CONVERSION = YES;
				CLANG_WARN_INFINITE_RECURSION = YES;
				CLANG_WARN_INT_CONVERSION = YES;
				CLANG_WARN_OBJC_ROOT_CLASS = YES_ERROR;
				CLANG_WARN_SUSPICIOUS_MOVES = YES;
				CLANG_WARN_UNREACHABLE_CODE = YES;
				CLANG_WARN__DUPLICATE_METHOD_MATCH = YES;
				"CODE_SIGN_IDENTITY[sdk=iphoneos*]" = "iPhone Developer";
				COPY_PHASE_STRIP = NO;
				DEBUG_INFORMATION_FORMAT = "dwarf-with-dsym";
				ENABLE_NS_ASSERTIONS = NO;
				ENABLE_STRICT_OBJC_MSGSEND = YES;
				GCC_C_LANGUAGE_STANDARD = gnu99;
				GCC_NO_COMMON_BLOCKS = YES;
				GCC_WARN_64_TO_32_BIT_CONVERSION = YES;
				GCC_WARN_ABOUT_RETURN_TYPE = YES_ERROR;
				GCC_WARN_UNDECLARED_SELECTOR = YES;
				GCC_WARN_UNINITIALIZED_AUTOS = YES_AGGRESSIVE;
				GCC_WARN_UNUSED_FUNCTION = YES;
				GCC_WARN_UNUSED_VARIABLE = YES;
				IPHONEOS_DEPLOYMENT_TARGET = 10.0;
				MTL_ENABLE_DEBUG_INFO = NO;
				SDKROOT = iphoneos;
				SWIFT_OPTIMIZATION_LEVEL = "-Owholemodule";
				VALIDATE_PRODUCT = YES;
			};
			name = Release;
		};
		18CD18D61DDB40AF00F6639D /* Debug */ = {
			isa = XCBuildConfiguration;
			buildSettings = {
				ASSETCATALOG_COMPILER_APPICON_NAME = AppIcon;
				INFOPLIST_FILE = Time_App/Info.plist;
				IPHONEOS_DEPLOYMENT_TARGET = 8.1;
				LD_RUNPATH_SEARCH_PATHS = "$(inherited) @executable_path/Frameworks";
				PRODUCT_BUNDLE_IDENTIFIER = "developer.Time-App";
				PRODUCT_NAME = "$(TARGET_NAME)";
				SWIFT_VERSION = 3.0;
			};
			name = Debug;
		};
		18CD18D71DDB40AF00F6639D /* Release */ = {
			isa = XCBuildConfiguration;
			buildSettings = {
				ASSETCATALOG_COMPILER_APPICON_NAME = AppIcon;
				INFOPLIST_FILE = Time_App/Info.plist;
				IPHONEOS_DEPLOYMENT_TARGET = 8.1;
				LD_RUNPATH_SEARCH_PATHS = "$(inherited) @executable_path/Frameworks";
				PRODUCT_BUNDLE_IDENTIFIER = "developer.Time-App";
				PRODUCT_NAME = "$(TARGET_NAME)";
				SWIFT_VERSION = 3.0;
			};
			name = Release;
		};
		18CD18D91DDB40AF00F6639D /* Debug */ = {
			isa = XCBuildConfiguration;
			buildSettings = {
				ALWAYS_EMBED_SWIFT_STANDARD_LIBRARIES = YES;
				BUNDLE_LOADER = "$(TEST_HOST)";
				INFOPLIST_FILE = Time_AppTests/Info.plist;
				LD_RUNPATH_SEARCH_PATHS = "$(inherited) @executable_path/Frameworks @loader_path/Frameworks";
				PRODUCT_BUNDLE_IDENTIFIER = "developer.Time-AppTests";
				PRODUCT_NAME = "$(TARGET_NAME)";
				SWIFT_VERSION = 3.0;
				TEST_HOST = "$(BUILT_PRODUCTS_DIR)/Time_App.app/Time_App";
			};
			name = Debug;
		};
		18CD18DA1DDB40AF00F6639D /* Release */ = {
			isa = XCBuildConfiguration;
			buildSettings = {
				ALWAYS_EMBED_SWIFT_STANDARD_LIBRARIES = YES;
				BUNDLE_LOADER = "$(TEST_HOST)";
				INFOPLIST_FILE = Time_AppTests/Info.plist;
				LD_RUNPATH_SEARCH_PATHS = "$(inherited) @executable_path/Frameworks @loader_path/Frameworks";
				PRODUCT_BUNDLE_IDENTIFIER = "developer.Time-AppTests";
				PRODUCT_NAME = "$(TARGET_NAME)";
				SWIFT_VERSION = 3.0;
				TEST_HOST = "$(BUILT_PRODUCTS_DIR)/Time_App.app/Time_App";
			};
			name = Release;
		};
/* End XCBuildConfiguration section */

/* Begin XCConfigurationList section */
		18CD18B31DDB40AE00F6639D /* Build configuration list for PBXProject "Time_App" */ = {
			isa = XCConfigurationList;
			buildConfigurations = (
				18CD18D31DDB40AF00F6639D /* Debug */,
				18CD18D41DDB40AF00F6639D /* Release */,
			);
			defaultConfigurationIsVisible = 0;
			defaultConfigurationName = Release;
		};
		18CD18D51DDB40AF00F6639D /* Build configuration list for PBXNativeTarget "Time_App" */ = {
			isa = XCConfigurationList;
			buildConfigurations = (
				18CD18D61DDB40AF00F6639D /* Debug */,
				18CD18D71DDB40AF00F6639D /* Release */,
			);
			defaultConfigurationIsVisible = 0;
			defaultConfigurationName = Release;
		};
		18CD18D81DDB40AF00F6639D /* Build configuration list for PBXNativeTarget "Time_AppTests" */ = {
			isa = XCConfigurationList;
			buildConfigurations = (
				18CD18D91DDB40AF00F6639D /* Debug */,
				18CD18DA1DDB40AF00F6639D /* Release */,
			);
			defaultConfigurationIsVisible = 0;
			defaultConfigurationName = Release;
		};
/* End XCConfigurationList section */

/* Begin XCVersionGroup section */
		18E9FD2D1DEBFFB7008AD722 /* Time_App.xcdatamodeld */ = {
			isa = XCVersionGroup;
			children = (
				18E9FD2E1DEBFFB7008AD722 /* Time_App.xcdatamodel */,
			);
			currentVersion = 18E9FD2E1DEBFFB7008AD722 /* Time_App.xcdatamodel */;
			path = Time_App.xcdatamodeld;
			sourceTree = "<group>";
			versionGroupType = wrapper.xcdatamodel;
		};
/* End XCVersionGroup section */
	};
	rootObject = 18CD18B01DDB40AE00F6639D /* Project object */;
}
